version = 1
revision = 2
requires-python = ">=3.7"
resolution-markers = [
    "python_full_version >= '3.10'",
    "python_full_version == '3.9.*'",
    "python_full_version == '3.8.*'",
    "python_full_version < '3.8'",
]

[[package]]
name = "alpaka-re"
version = "0.2.1"
source = { editable = "." }
dependencies = [
    { name = "click", version = "8.1.8", source = { registry = "https://pypi.org/simple" }, marker = "python_full_version < '3.10'" },
    { name = "click", version = "8.2.1", source = { registry = "https://pypi.org/simple" }, marker = "python_full_version >= '3.10'" },
    { name = "lief", version = "0.12.3", source = { registry = "https://pypi.org/simple" }, marker = "python_full_version < '3.8'" },
    { name = "lief", version = "0.16.6", source = { registry = "https://pypi.org/simple" }, marker = "python_full_version >= '3.8'" },
]

[package.metadata]
requires-dist = [
    { name = "click" },
    { name = "lief" },
]

[[package]]
name = "click"
version = "8.1.8"
source = { registry = "https://pypi.org/simple" }
resolution-markers = [
    "python_full_version == '3.9.*'",
    "python_full_version == '3.8.*'",
    "python_full_version < '3.8'",
]
dependencies = [
    { name = "colorama", marker = "python_full_version < '3.10' and sys_platform == 'win32'" },
    { name = "importlib-metadata", marker = "python_full_version < '3.8'" },
]
sdist = { url = "https://files.pythonhosted.org/packages/b9/2e/0090cbf739cee7d23781ad4b89a9894a41538e4fcf4c31dcdd705b78eb8b/click-8.1.8.tar.gz", hash = "sha256:ed53c9d8990d83c2a27deae68e4ee337473f6330c040a31d4225c9574d16096a", size = 226593, upload-time = "2024-12-21T18:38:44.339Z" }
wheels = [
    { url = "https://files.pythonhosted.org/packages/7e/d4/7ebdbd03970677812aac39c869717059dbb71a4cfc033ca6e5221787892c/click-8.1.8-py3-none-any.whl", hash = "sha256:63c132bbbed01578a06712a2d1f497bb62d9c1c0d329b7903a866228027263b2", size = 98188, upload-time = "2024-12-21T18:38:41.666Z" },
]

[[package]]
name = "click"
version = "8.2.1"
source = { registry = "https://pypi.org/simple" }
resolution-markers = [
    "python_full_version >= '3.10'",
]
dependencies = [
    { name = "colorama", marker = "python_full_version >= '3.10' and sys_platform == 'win32'" },
]
sdist = { url = "https://files.pythonhosted.org/packages/60/6c/8ca2efa64cf75a977a0d7fac081354553ebe483345c734fb6b6515d96bbc/click-8.2.1.tar.gz", hash = "sha256:27c491cc05d968d271d5a1db13e3b5a184636d9d930f148c50b038f0d0646202", size = 286342, upload-time = "2025-05-20T23:19:49.832Z" }
wheels = [
    { url = "https://files.pythonhosted.org/packages/85/32/10bb5764d90a8eee674e9dc6f4db6a0ab47c8c4d0d83c27f7c39ac415a4d/click-8.2.1-py3-none-any.whl", hash = "sha256:61a3265b914e850b85317d0b3109c7f8cd35a670f963866005d6ef1d5175a12b", size = 102215, upload-time = "2025-05-20T23:19:47.796Z" },
]

[[package]]
name = "colorama"
version = "0.4.6"
source = { registry = "https://pypi.org/simple" }
sdist = { url = "https://files.pythonhosted.org/packages/d8/53/6f443c9a4a8358a93a6792e2acffb9d9d5cb0a5cfd8802644b7b1c9a02e4/colorama-0.4.6.tar.gz", hash = "sha256:08695f5cb7ed6e0531a20572697297273c47b8cae5a63ffc6d6ed5c201be6e44", size = 27697, upload-time = "2022-10-25T02:36:22.414Z" }
wheels = [
    { url = "https://files.pythonhosted.org/packages/d1/d6/3965ed04c63042e047cb6a3e6ed1a63a35087b6a609aa3a15ed8ac56c221/colorama-0.4.6-py2.py3-none-any.whl", hash = "sha256:4f1d9991f5acc0ca119f9d443620b77f9d6b33703e51011c16baf57afb285fc6", size = 25335, upload-time = "2022-10-25T02:36:20.889Z" },
]

[[package]]
name = "importlib-metadata"
version = "6.7.0"
source = { registry = "https://pypi.org/simple" }
dependencies = [
    { name = "typing-extensions", marker = "python_full_version < '3.8'" },
    { name = "zipp", marker = "python_full_version < '3.8'" },
]
sdist = { url = "https://files.pythonhosted.org/packages/a3/82/f6e29c8d5c098b6be61460371c2c5591f4a335923639edec43b3830650a4/importlib_metadata-6.7.0.tar.gz", hash = "sha256:1aaf550d4f73e5d6783e7acb77aec43d49da8017410afae93822cc9cca98c4d4", size = 53569, upload-time = "2023-06-18T21:44:35.024Z" }
wheels = [
    { url = "https://files.pythonhosted.org/packages/ff/94/64287b38c7de4c90683630338cf28f129decbba0a44f0c6db35a873c73c4/importlib_metadata-6.7.0-py3-none-any.whl", hash = "sha256:cb52082e659e97afc5dac71e79de97d8681de3aa07ff18578330904a9d18e5b5", size = 22934, upload-time = "2023-06-18T21:44:33.441Z" },
]

[[package]]
name = "lief"
version = "0.12.3"
source = { registry = "https://pypi.org/simple" }
resolution-markers = [
    "python_full_version < '3.8'",
]
sdist = { url = "https://files.pythonhosted.org/packages/1d/dd/aa35890be9a0481c0e6b3c0c837055cdbd1b7f24d00274de3d8b4e179bc3/lief-0.12.3.zip", hash = "sha256:62e81d2f1a827d43152aed12446a604627e8833493a51dca027026eed0ce7128", size = 16185043, upload-time = "2022-11-01T17:04:15.402Z" }
wheels = [
    { url = "https://files.pythonhosted.org/packages/32/87/c4a4cdfd59c009022c8132608b1caf3c941440fb82cb2b9ad7320d9f1572/lief-0.12.3-cp310-cp310-macosx_10_14_arm64.whl", hash = "sha256:66724f337e6a36cea1a9380f13b59923f276c49ca837becae2e7be93a2e245d9", size = 3171247, upload-time = "2022-12-08T19:22:21.595Z" },
    { url = "https://files.pythonhosted.org/packages/e6/5b/5b363ff0deafde1fd6ca7a74886a1f459541db50b84508c305b01ddcc2e4/lief-0.12.3-cp310-cp310-macosx_10_14_x86_64.whl", hash = "sha256:6d18aafa2028587c98f6d4387bec94346e92f2b5a8a5002f70b1cf35b1c045cc", size = 3342984, upload-time = "2022-11-01T17:02:26.665Z" },
    { url = "https://files.pythonhosted.org/packages/ab/54/7acaa3129e6b0c29687ec6814b7f70b3dfdb2c4fbeee5d98af40ba6fa384/lief-0.12.3-cp310-cp310-macosx_11_0_arm64.whl", hash = "sha256:d4f69d125caaa8d5ddb574f29cc83101e165ebea1a9f18ad042eb3544081a797", size = 3171245, upload-time = "2023-01-21T15:14:43.49Z" },
    { url = "https://files.pythonhosted.org/packages/a2/4e/e39daf4f553e1764e2632ab34c5ef22ffdb99906097a941de338d7adef31/lief-0.12.3-cp310-cp310-manylinux_2_17_x86_64.manylinux2014_x86_64.whl", hash = "sha256:c078d6230279ffd3bca717c79664fb8368666f610b577deb24b374607936e9c1", size = 4185896, upload-time = "2022-11-01T17:02:31.638Z" },
    { url = "https://files.pythonhosted.org/packages/c2/9b/d88cac9fb437eb6df1131be1c31283d58ef673ebcf40610975ba091123e1/lief-0.12.3-cp310-cp310-win32.whl", hash = "sha256:e3a6af926532d0aac9e7501946134513d63217bacba666e6f7f5a0b7e15ba236", size = 3839646, upload-time = "2022-11-01T17:02:36.335Z" },
    { url = "https://files.pythonhosted.org/packages/5e/2a/5a4d7a5e01de00440d8227bebac2cbd081ea86130856eeb5ddefe85ea43c/lief-0.12.3-cp310-cp310-win_amd64.whl", hash = "sha256:0750b72e3aa161e1fb0e2e7f571121ae05d2428aafd742ff05a7656ad2288447", size = 4850952, upload-time = "2022-11-01T17:02:41.753Z" },
    { url = "https://files.pythonhosted.org/packages/df/5d/47cc8fbaa3dafd8d0fe6364c9a07f83fae54fece59622fd0790332c5ab7d/lief-0.12.3-cp311-cp311-macosx_10_14_arm64.whl", hash = "sha256:b5c123cb99a7879d754c059e299198b34e7e30e3b64cf22e8962013db0099f47", size = 3171323, upload-time = "2022-12-08T19:22:35.801Z" },
    { url = "https://files.pythonhosted.org/packages/02/b2/832237b6a1281ad47b9534f9268610767ac8be63e8d7bef00002ab0336a5/lief-0.12.3-cp311-cp311-macosx_10_14_x86_64.whl", hash = "sha256:8bc58fa26a830df6178e36f112cb2bbdd65deff593f066d2d51434ff78386ba5", size = 3342812, upload-time = "2022-11-01T17:02:45.596Z" },
    { url = "https://files.pythonhosted.org/packages/30/c2/dd3dc468066fca07e2ced23252463c70c6584e75b71c77a7348a0feead75/lief-0.12.3-cp311-cp311-macosx_11_0_arm64.whl", hash = "sha256:74ac6143ac6ccd813c9b068d9c5f1f9d55c8813c8b407387eb57de01c3db2d74", size = 3171321, upload-time = "2023-01-21T15:14:47.568Z" },
    { url = "https://files.pythonhosted.org/packages/9c/e4/b363b84e8b8bd38d7b6c3521b8c2ec3ed86f583a147b7ec37dbb11528a3c/lief-0.12.3-cp311-cp311-manylinux_2_17_x86_64.manylinux2014_x86_64.whl", hash = "sha256:04eb6b70d646fb5bd6183575928ee23715550f161f2832cbcd8c6ff2071fb408", size = 4185383, upload-time = "2022-11-01T17:02:49.46Z" },
    { url = "https://files.pythonhosted.org/packages/92/af/4dce4f24b636cb93d528abc6da66ddedccccae5c253e8e750402a10995a8/lief-0.12.3-cp311-cp311-win32.whl", hash = "sha256:7e2d0a53c403769b04adcf8df92e83c5e25f9103a052aa7f17b0a9cf057735fb", size = 3923504, upload-time = "2022-11-01T17:02:53.154Z" },
    { url = "https://files.pythonhosted.org/packages/33/08/a0c3837b55ec55cfdb7338efb31947ff55528267dc6f8a086a529d93e62e/lief-0.12.3-cp311-cp311-win_amd64.whl", hash = "sha256:7f6395c12ee1bc4a5162f567cba96d0c72dfb660e7902e84d4f3029daf14fe33", size = 4969949, upload-time = "2022-11-01T17:02:56.644Z" },
    { url = "https://files.pythonhosted.org/packages/a8/69/de1ed0f8f5d9c6b07281a34d6f26c8d75d6a04105993950bfb95557a48be/lief-0.12.3-cp37-cp37m-macosx_10_14_x86_64.whl", hash = "sha256:c73e990cd2737d1060b8c1e8edcc128832806995b69d1d6bf191409e2cea7bde", size = 3228431, upload-time = "2022-11-01T17:03:14.873Z" },
    { url = "https://files.pythonhosted.org/packages/87/78/a4787af8b6fbdfa35561e7153a32f29507ea2fced201758066805f6b3122/lief-0.12.3-cp37-cp37m-manylinux2014_aarch64.whl", hash = "sha256:5fa2b1c8ffe47ee66b2507c2bb4e3fd628965532b7888c0627d10e690b5ef20c", size = 4162904, upload-time = "2022-11-01T17:03:18.887Z" },
    { url = "https://files.pythonhosted.org/packages/69/4a/35835d893a175939acd11001df6fe3a48e852ac939204c8f6f09f6dbaacf/lief-0.12.3-cp37-cp37m-manylinux_2_17_x86_64.manylinux2014_x86_64.whl", hash = "sha256:5f224e9a261e88099f86160f121d088d30894c2946e3e551cf11c678daadcf2b", size = 4101496, upload-time = "2022-11-01T17:03:22.222Z" },
    { url = "https://files.pythonhosted.org/packages/0f/fc/480c5147bfe41c3b54f4e28df26ce84e69de95c5fa5239dedb9e75e5c04a/lief-0.12.3-cp37-cp37m-win32.whl", hash = "sha256:3481d7c9fb3d3a1acff53851f40efd1a5a05d354312d367294bc2e310b736826", size = 3800804, upload-time = "2022-11-01T17:03:25.414Z" },
    { url = "https://files.pythonhosted.org/packages/d8/c4/af8d98ba27a3bd7bbdd71fb408db6e5622df16d43ff804783c58e6489a8d/lief-0.12.3-cp37-cp37m-win_amd64.whl", hash = "sha256:4e5173e1be5ebf43594f4eb187cbcb04758761942bc0a1e685ea1cb9047dc0d9", size = 4797773, upload-time = "2022-11-01T17:03:29.008Z" },
    { url = "https://files.pythonhosted.org/packages/26/b4/4ed34cc6a815b5fc5c82fe093fb6d4d409449bf390ac0b755c91f3de1d9e/lief-0.12.3-cp38-cp38-macosx_10_14_x86_64.whl", hash = "sha256:54d6a45e01260b9c8bf1c99f58257cff5338aee5c02eacfeee789f9d15cf38c6", size = 3342629, upload-time = "2022-11-01T17:03:32.359Z" },
    { url = "https://files.pythonhosted.org/packages/7d/0c/253df124689cad6b33e56e6767982f3db2b7861feaaf7d60a65c85e226b4/lief-0.12.3-cp38-cp38-manylinux2014_aarch64.whl", hash = "sha256:4501dc399fb15dc7a3c8df4a76264a86be6d581d99098dafc3a67626149d8ff1", size = 4133519, upload-time = "2022-11-01T17:03:36.195Z" },
    { url = "https://files.pythonhosted.org/packages/3a/cf/a6ddb755d7f38cd69ca1dd8d7720963cd2f9ff0b15ec9e5ae175910add51/lief-0.12.3-cp38-cp38-manylinux_2_17_x86_64.manylinux2014_x86_64.whl", hash = "sha256:c848aadac0816268aeb9dde7cefdb54bf24f78e664a19e97e74c92d3be1bb147", size = 4186124, upload-time = "2022-11-01T17:03:39.525Z" },
    { url = "https://files.pythonhosted.org/packages/5a/d7/6bb7adae830602ad9dba1e95bcf18f88e08ebdf16fa533539762600a6aee/lief-0.12.3-cp38-cp38-win32.whl", hash = "sha256:d7e35f9ee9dd6e79add3b343f83659b71c05189e5cb224e02a1902ddc7654e96", size = 3833602, upload-time = "2022-11-01T17:03:43.131Z" },
    { url = "https://files.pythonhosted.org/packages/78/d0/1f73d28f710c9fa5dff05d357088cc0b331341c11dc4669fc5808cee8657/lief-0.12.3-cp38-cp38-win_amd64.whl", hash = "sha256:b00667257b43e93d94166c959055b6147d46d302598f3ee55c194b40414c89cc", size = 4840181, upload-time = "2022-11-01T17:03:47.847Z" },
    { url = "https://files.pythonhosted.org/packages/00/c3/a4fc8d9afd0205a5337327f2c0e6e703380d03b9c11f9504f0255e64c95d/lief-0.12.3-cp39-cp39-macosx_10_14_arm64.whl", hash = "sha256:e6a1b5b389090d524621c2455795e1262f62dc9381bedd96f0cd72b878c4066d", size = 3171610, upload-time = "2022-12-08T20:16:48.41Z" },
    { url = "https://files.pythonhosted.org/packages/49/b4/46bf4f7b9a450b5aec14a8927c7964a97ce88c333045d1c3cc7c85da09ab/lief-0.12.3-cp39-cp39-macosx_10_14_x86_64.whl", hash = "sha256:ae773196df814202c0c51056163a1478941b299512b09660a3c37be3c7fac81e", size = 3343139, upload-time = "2022-11-01T17:03:52.13Z" },
    { url = "https://files.pythonhosted.org/packages/3d/b1/d078062953b6d99a6e510f638952cac6bc750baadd3c87d1c7cc59443347/lief-0.12.3-cp39-cp39-macosx_11_0_arm64.whl", hash = "sha256:66ddf88917ec7b00752687c476bb2771dc8ec19bd7e4c0dcff1f8ef774cad4e9", size = 3171614, upload-time = "2023-01-21T15:14:50.716Z" },
    { url = "https://files.pythonhosted.org/packages/be/0b/a04167a6f64c2dd3e7c4addef1c2a62889eae11336653ea0268037992981/lief-0.12.3-cp39-cp39-manylinux2014_aarch64.whl", hash = "sha256:4a47f410032c63ac3be051d963d0337d6b47f0e94bfe8e946ab4b6c428f4d0f8", size = 4142234, upload-time = "2022-11-01T17:03:56.788Z" },
    { url = "https://files.pythonhosted.org/packages/22/8d/8a4a144d3181a6e4dbdf5dc9e51551bb3c7010a26ad9903c59bc95bc26d5/lief-0.12.3-cp39-cp39-manylinux_2_17_x86_64.manylinux2014_x86_64.whl", hash = "sha256:dbd11367c2259bd1131a6c8755dcde33314324de5ea029227bfbc7d3755871e6", size = 4199883, upload-time = "2022-11-01T17:04:00.98Z" },
    { url = "https://files.pythonhosted.org/packages/a5/f8/a82c5a12f939d11066be6c63818c5f2f450d27cf92950015b7221b992b77/lief-0.12.3-cp39-cp39-win32.whl", hash = "sha256:2ce53e311918c3e5b54c815ef420a747208d2a88200c41cd476f3dd1eb876bcf", size = 3839981, upload-time = "2022-11-01T17:04:05.491Z" },
    { url = "https://files.pythonhosted.org/packages/70/c4/5f4c2921e165a0d317690476853387b12919c8971679f7eaf6a15052ad1d/lief-0.12.3-cp39-cp39-win_amd64.whl", hash = "sha256:446e53ccf0ebd1616c5d573470662ff71ca6df3cd62ec1764e303764f3f03cca", size = 4849561, upload-time = "2022-11-01T17:04:09.468Z" },
]

[[package]]
name = "lief"
version = "0.16.6"
source = { registry = "https://pypi.org/simple" }
resolution-markers = [
    "python_full_version >= '3.10'",
    "python_full_version == '3.9.*'",
    "python_full_version == '3.8.*'",
]
wheels = [
    { url = "https://files.pythonhosted.org/packages/20/52/c1c64ef3fe68e69b6ecb4fcbe0c9c50599e0ea98b4a8ce5d33eb14721f6d/lief-0.16.6-cp310-cp310-macosx_11_0_arm64.whl", hash = "sha256:ddaea8ea7606ce6be937b44788b845a7da6f2ef034fb05d1cf6ef4556942a26d", size = 2645269, upload-time = "2025-05-29T15:21:15.653Z" },
    { url = "https://files.pythonhosted.org/packages/12/6e/8d1b2f5a6e1d6ce3c861f71f6249f979df9bad1581b2fd60d208df79abca/lief-0.16.6-cp310-cp310-macosx_11_0_x86_64.whl", hash = "sha256:1884201b56ea7a97deae6b98af990ac30e14927e5e147d455df25a5c3bd60472", size = 2737344, upload-time = "2025-05-29T15:21:18.521Z" },
    { url = "https://files.pythonhosted.org/packages/5f/cd/26d86a85a2eaff48d0f82e48c8f4b83c8e63ba66ca12f032b3e896ea2ae5/lief-0.16.6-cp310-cp310-manylinux2014_aarch64.whl", hash = "sha256:4fa34cbac6c2ffd62c7d71a3a94f50df171595ebeea8d07753164f200b971ae0", size = 3266938, upload-time = "2025-05-29T15:21:20.663Z" },
    { url = "https://files.pythonhosted.org/packages/2b/cc/96c05ab73ae7635dc58679dba01c80cc87ae76856cbb47c7f7a096a60a8a/lief-0.16.6-cp310-cp310-manylinux_2_28_x86_64.whl", hash = "sha256:89b6adf6fbb774bb1ce82ca299a00ff9fe5842696f0417d2ce28ff554c9b577a", size = 2996647, upload-time = "2025-05-29T15:21:22.756Z" },
    { url = "https://files.pythonhosted.org/packages/e0/0c/f06aa14eda795ab0684bf6104104001668771ff34b4b1194f0339cc53f40/lief-0.16.6-cp310-cp310-musllinux_1_2_aarch64.whl", hash = "sha256:6c2751bdb6d8c0b2dcf0f368b8d675196a7635db6e16aa3ceb7d8ded1bc22ddb", size = 3216308, upload-time = "2025-05-29T15:21:24.192Z" },
    { url = "https://files.pythonhosted.org/packages/09/c6/f497f72274726a7dbbee271a925e94968ff69f3f13d4cc8aecd8e7168086/lief-0.16.6-cp310-cp310-musllinux_1_2_i686.whl", hash = "sha256:7263f73708b6c49d69f3c7ea42d15d53a5064af524efdb0b2134f2c63f9b77db", size = 3497619, upload-time = "2025-05-29T15:21:26.32Z" },
    { url = "https://files.pythonhosted.org/packages/cd/b7/6a06c4fa822f0a380cd9269eefa665c3b50a0db5a6410374f21010c19aeb/lief-0.16.6-cp310-cp310-musllinux_1_2_x86_64.whl", hash = "sha256:afe2fc86c5b0152baf29d259439117dd4c56bf8ce05c4fd36631d41a0b1e8bc2", size = 3303419, upload-time = "2025-05-29T15:21:27.837Z" },
    { url = "https://files.pythonhosted.org/packages/81/20/3d09b74e0f932e9358a2f24cb7fa8f9e65c9fcffedae4f41b6f4a06dec1f/lief-0.16.6-cp310-cp310-win32.whl", hash = "sha256:becabb86bf9ca10d2b272fa84a0ce0526fa93fdd4a8be6b39871cf0ab9cf4bc4", size = 3042388, upload-time = "2025-05-29T15:21:29.948Z" },
    { url = "https://files.pythonhosted.org/packages/47/4c/2b0ba7d4669c695b7ee5f39080ab8e1d013897dc6fe734c070ace25981e2/lief-0.16.6-cp310-cp310-win_amd64.whl", hash = "sha256:c561feeeed8dba457a168d8c283ba44551bd7363a0f12555fd5025aa8b75ac2d", size = 3168158, upload-time = "2025-05-29T15:21:31.533Z" },
    { url = "https://files.pythonhosted.org/packages/2c/6b/f32bf4cf84217d3995adb42b5f86ecfc75b492c4f3e1936924eb37019016/lief-0.16.6-cp311-cp311-macosx_11_0_arm64.whl", hash = "sha256:89093638ee720677e7302850c3c33f42aeb9f173f1c738c918d63d7545886c72", size = 2640008, upload-time = "2025-05-29T15:21:33.56Z" },
    { url = "https://files.pythonhosted.org/packages/17/3a/1e42dec3c3578c396ea853409768e8bbad5bbb51671d4bc04ac86394990d/lief-0.16.6-cp311-cp311-macosx_11_0_x86_64.whl", hash = "sha256:474e80c3eb735d59428cf53e6537528a0a9fd9e177f9dc415f55f87d37785fde", size = 2737866, upload-time = "2025-05-29T15:21:35.035Z" },
    { url = "https://files.pythonhosted.org/packages/a7/5d/93843fe6402895f24a095609f91f120f363669864189bec80e7f64ec67c2/lief-0.16.6-cp311-cp311-manylinux2014_aarch64.whl", hash = "sha256:905614f58ed24254ddb1fe1de566cfea01a73e17e5489cf753a7d2afaf3df7ce", size = 3269462, upload-time = "2025-05-29T15:21:37.152Z" },
    { url = "https://files.pythonhosted.org/packages/aa/13/3d808f4915f1db935a9b78eb5f6620f610f4798cf321fd70bf90c6564a9f/lief-0.16.6-cp311-cp311-manylinux_2_28_x86_64.whl", hash = "sha256:5ccbc90ebdda7e417ccac268eb3976bfb0078786fa63a634e57e8c3b3efca179", size = 2996775, upload-time = "2025-05-29T15:21:39.223Z" },
    { url = "https://files.pythonhosted.org/packages/8d/dc/899409ab0fe27a0c4cd96d459b9d23ac87260cc9e1781629ed347169d62e/lief-0.16.6-cp311-cp311-musllinux_1_2_aarch64.whl", hash = "sha256:ce4cd431ec386f23650ed227b6960ff08801fea10aa3eb451a60724c7b4c0015", size = 3216649, upload-time = "2025-05-29T15:21:40.661Z" },
    { url = "https://files.pythonhosted.org/packages/aa/92/a61d72ba5d2e49c170b356ee447abb776bf78292559862dc64f6c2010348/lief-0.16.6-cp311-cp311-musllinux_1_2_i686.whl", hash = "sha256:a597c6f11f668f691bc5bca52c5b9c7511b36b7623d55fac70e0e1bf09a4585b", size = 3497833, upload-time = "2025-05-29T15:21:42.443Z" },
    { url = "https://files.pythonhosted.org/packages/d0/2d/7dedfb4dfd2b022a342d1b4645b3e8aa9e6c454ee16bc5c238b5e2c78262/lief-0.16.6-cp311-cp311-musllinux_1_2_x86_64.whl", hash = "sha256:f659d7c5e2a14d4c86acea1301ec9c88b28fcc63c0444a39bd2b46c8c54760e8", size = 3303918, upload-time = "2025-05-29T15:21:44.056Z" },
    { url = "https://files.pythonhosted.org/packages/aa/1e/4256a18d6a502d5c947faa493fad51b4f86cd0904318056f0eb3a6dbdafb/lief-0.16.6-cp311-cp311-win32.whl", hash = "sha256:65f9768708f208cac67217d640c757cd6627a54df640909121668e5a001b1584", size = 3042739, upload-time = "2025-05-29T15:21:45.447Z" },
    { url = "https://files.pythonhosted.org/packages/e2/d0/e44571bb7cda210980867c2e843a86b72e0b3a588aa4f3e0c86ea582a67a/lief-0.16.6-cp311-cp311-win_amd64.whl", hash = "sha256:ebeba2502fde32ede420deb1641535ed25f10616f293522ad68b57d8e66b4820", size = 3168450, upload-time = "2025-05-29T15:21:46.923Z" },
    { url = "https://files.pythonhosted.org/packages/56/e9/082cafb5e86d750cf779d23f27ca6faf78bfc7e28f6e8eb9cd54f19aa99e/lief-0.16.6-cp311-cp311-win_arm64.whl", hash = "sha256:02c77cfb1b428c4494b3bb8a1614b5fa587d7af928e2acf43d550a09809c8030", size = 3064130, upload-time = "2025-05-29T15:21:48.83Z" },
    { url = "https://files.pythonhosted.org/packages/22/87/2b298f7ac6f9ec988b68873adf70709659ff3766c4bdb6db741a4497d47c/lief-0.16.6-cp312-cp312-macosx_11_0_arm64.whl", hash = "sha256:c61dab95d7afed02b839ee1718700d4fab4634043c56b4f28d0557d0f7d4849f", size = 2643355, upload-time = "2025-05-29T15:21:50.459Z" },
    { url = "https://files.pythonhosted.org/packages/aa/ab/26b44d2bc6e91d57f599f6bd6c4c3d9696dd2e28e3fd9d846a6b562c961a/lief-0.16.6-cp312-cp312-macosx_11_0_x86_64.whl", hash = "sha256:38ccfc0e35c1683f8b8d0487ecf1b01c05cd2d0e9d42fced4a767f2065bcf7e0", size = 2744868, upload-time = "2025-05-29T15:21:52.547Z" },
    { url = "https://files.pythonhosted.org/packages/af/df/293afb79a7701d415ce880f82727332c6298430386f8cc770d083499d83b/lief-0.16.6-cp312-cp312-manylinux2014_aarch64.whl", hash = "sha256:647f0038a2edd34b956684f2dcaf8b6551757c3158f3bd8fdffe73a491a69c95", size = 3270316, upload-time = "2025-05-29T15:21:54.756Z" },
    { url = "https://files.pythonhosted.org/packages/97/32/e25f89f1ffa30c612b14ab9b872659576409c3efa39548235b632c540dfc/lief-0.16.6-cp312-cp312-manylinux_2_28_x86_64.whl", hash = "sha256:ca56c1f8933d5c9fdf6fc98d6f5caf684e5aa369457b30df8c235ff0dc5e7da5", size = 3002781, upload-time = "2025-05-29T15:21:57.177Z" },
    { url = "https://files.pythonhosted.org/packages/bc/a4/77a39b9a1815e02708efbe4ecdba6d547222a4654c44609c1464a7294df0/lief-0.16.6-cp312-cp312-musllinux_1_2_aarch64.whl", hash = "sha256:57b53923cbc57e2eaaed8f8bc8a0490d8fdbbac6f2218905ceb2ff867a864015", size = 3220135, upload-time = "2025-05-29T15:22:00.075Z" },
    { url = "https://files.pythonhosted.org/packages/b8/e2/86304d0d70bd4c1207a8f1b71e9a111ef68c0b6e5b944d1ad87ce666398c/lief-0.16.6-cp312-cp312-musllinux_1_2_i686.whl", hash = "sha256:ca9c5a85a26daa4008aec42858fc763f630fb117fa77959912725c48015730e9", size = 3503361, upload-time = "2025-05-29T15:22:01.925Z" },
    { url = "https://files.pythonhosted.org/packages/52/35/3fd1d4c85731db7ca77a6d61595cd186baa1aeb607a311d38abd55ecf842/lief-0.16.6-cp312-cp312-musllinux_1_2_x86_64.whl", hash = "sha256:88ab1dc087367d3e49fd7594bce4e381307b510b2aa6a7d8b9e011be1ea29260", size = 3312174, upload-time = "2025-05-29T15:22:03.89Z" },
    { url = "https://files.pythonhosted.org/packages/d8/85/e790b87d274e73c35bca898ef5fccf5d4614c43d5270a2800c63a1e6c7b1/lief-0.16.6-cp312-cp312-win32.whl", hash = "sha256:7cd0921289d756005b1930f95c066c7eee7cdcac97aa4c8172e3ae0f83d80707", size = 3049622, upload-time = "2025-05-29T15:22:06.536Z" },
    { url = "https://files.pythonhosted.org/packages/8c/b1/5afff657cf72d7aea118d152cd0d7349e2a4b16d9bcb5db56934e68b71fb/lief-0.16.6-cp312-cp312-win_amd64.whl", hash = "sha256:08bfb33a07c7ad162a4a75524e034ff2faf893e83a648fa39c5a787ea07d761d", size = 3178729, upload-time = "2025-05-29T15:22:08.459Z" },
    { url = "https://files.pythonhosted.org/packages/ce/e2/df89d7262d7a6c902b6b1c82b61c4f7ce6017ee33322c4e088d14c68e686/lief-0.16.6-cp312-cp312-win_arm64.whl", hash = "sha256:0a64c08f0fc2b2f05c66111e47130b115db88136b46a3577ab515148a5a31caf", size = 3066508, upload-time = "2025-05-29T15:22:11.059Z" },
    { url = "https://files.pythonhosted.org/packages/18/5d/4f0589375a3b43415b872b213bef184e2a7ad526e17cc047bca60bf6370c/lief-0.16.6-cp313-cp313-macosx_11_0_arm64.whl", hash = "sha256:4f280296429164710c8c7293a6db92362f0e9ff8e9fa43da995d93ecbe64ec8d", size = 2649251, upload-time = "2025-05-29T15:22:12.823Z" },
    { url = "https://files.pythonhosted.org/packages/76/c4/4639b08073d1b140cc308ddd3085768dbafe18ca1fbbbab0035692443122/lief-0.16.6-cp313-cp313-macosx_11_0_x86_64.whl", hash = "sha256:1c603164f48f53948c6562d5f6e3bf937f481759ec657b07df96370fd8b46db5", size = 2744730, upload-time = "2025-05-29T15:22:14.636Z" },
    { url = "https://files.pythonhosted.org/packages/05/34/dc4e984a36e69af8edbebc631989a94d8eb7edf32088de76493e54a089dc/lief-0.16.6-cp313-cp313-manylinux2014_aarch64.whl", hash = "sha256:bcbf9ac2aa831c076252892985f65f682855564759e29e005bdd5720ea60f3da", size = 3274925, upload-time = "2025-05-29T15:22:17.201Z" },
    { url = "https://files.pythonhosted.org/packages/fc/38/d5f47246237a70090183a2e8e827e85e777b694611d7f66a365982f43395/lief-0.16.6-cp313-cp313-manylinux_2_28_x86_64.whl", hash = "sha256:217c7c70eb444d9e40a66a7445cc5285fdae7f70ccc20fa342bec13857c224b9", size = 3002898, upload-time = "2025-05-29T15:22:20.628Z" },
    { url = "https://files.pythonhosted.org/packages/47/80/c5c4dcec229d2e5dce3528cf6d46b1fbe4ef6ed5d0032fdc08bdf3c56509/lief-0.16.6-cp313-cp313-musllinux_1_2_aarch64.whl", hash = "sha256:dbb4afede2d641dff4fe1d88ad62d0bcb38c1a27d5c150afcc725d5e894dae6c", size = 3220558, upload-time = "2025-05-29T15:22:23.189Z" },
    { url = "https://files.pythonhosted.org/packages/1c/0e/6f9de49adb9eaf742f8b5c3dab30393e047311d1d6ea0b5dd2f012322a2f/lief-0.16.6-cp313-cp313-musllinux_1_2_i686.whl", hash = "sha256:2aa18e9a23826b8b02eb58a3cab2a410a3d6a8cd81b6afafc21cd949d025426f", size = 3503115, upload-time = "2025-05-29T15:22:25.058Z" },
    { url = "https://files.pythonhosted.org/packages/50/13/edabcb12729978c8172e0cafbacff39dc5c3909cc5a84255e43fd4b1e6d4/lief-0.16.6-cp313-cp313-musllinux_1_2_x86_64.whl", hash = "sha256:bdc5acd9a8baab3cb2146bcd0f53080ff0701f684b7269cd0014daad04f50a31", size = 3312215, upload-time = "2025-05-29T15:22:27.468Z" },
    { url = "https://files.pythonhosted.org/packages/e2/92/459e324848dc5b27f5f3c821a440dfde3b138ce440440561c19af8f5e610/lief-0.16.6-cp313-cp313-win32.whl", hash = "sha256:e60da9a09f599bbde4abf88723bb1c900ba7ef9f5e6922cb365451c0bed74712", size = 3049722, upload-time = "2025-05-29T15:22:29.287Z" },
    { url = "https://files.pythonhosted.org/packages/56/31/f2bdb9144a844e4a81e5b2e9b8e5fed96359dec311db74ea54e4cd471908/lief-0.16.6-cp313-cp313-win_amd64.whl", hash = "sha256:31553d7926533b1ac9487b135d1e9e0e5a603477eba5eaf980a70b86065ee981", size = 3178824, upload-time = "2025-05-29T15:22:31.855Z" },
    { url = "https://files.pythonhosted.org/packages/a5/c9/75317e61344d3100a64eede853d9f2be711f19f870729b71da0118297bfc/lief-0.16.6-cp313-cp313-win_arm64.whl", hash = "sha256:3ab3d11879a8684632700aab39eedcd0a4293d3596d266bf0d93b3a1bf9b51ca", size = 3066480, upload-time = "2025-05-29T15:22:33.658Z" },
    { url = "https://files.pythonhosted.org/packages/ac/d3/645617c0e3d17fdb9ee89b9c146ec5dbeef02ba7e32c7c6c5cde35e464fb/lief-0.16.6-cp38-cp38-macosx_11_0_arm64.whl", hash = "sha256:023444d48af24d7af9744786e6fcee406a60774c91d73cca2ae4cd4bc59138df", size = 2644664, upload-time = "2025-05-29T15:22:35.486Z" },
    { url = "https://files.pythonhosted.org/packages/23/0a/fe20c83adad3dd50086287824dffb1e8d9fb4b7c9eab2f11389cd26f123a/lief-0.16.6-cp38-cp38-macosx_11_0_x86_64.whl", hash = "sha256:c27162e80af1577e8612245554c6031e0c426b5277279931278946bab2e06278", size = 2736242, upload-time = "2025-05-29T15:22:37.353Z" },
    { url = "https://files.pythonhosted.org/packages/76/0d/3ab454ea9132b4cc9d9de72b084d87eef8b5f90a7319f4a01dc483f743de/lief-0.16.6-cp38-cp38-manylinux2014_aarch64.whl", hash = "sha256:218acabcdb4a4c82ddf5606fae2bb5aad97388db61053429e32c2f16e84c09a5", size = 3266153, upload-time = "2025-05-29T15:22:39.27Z" },
    { url = "https://files.pythonhosted.org/packages/a7/14/ec82f95925ea94b7593d00684359f29f659ef3f5470491c0b56d85a1ebf0/lief-0.16.6-cp38-cp38-manylinux_2_28_x86_64.whl", hash = "sha256:1ace7b111034f5ecaff5ced71acf0da1a418bade5c9e2fe8387970ecc95e8808", size = 2995560, upload-time = "2025-05-29T15:22:41.086Z" },
    { url = "https://files.pythonhosted.org/packages/d1/81/6e8a980a209bed40a88cf0658dfc184ec5158a7b6edf7cd2ab25ce2b5c81/lief-0.16.6-cp38-cp38-musllinux_1_2_aarch64.whl", hash = "sha256:bc66472b447961f7ca588108b52f56b4038b6b609765ef3a12aca36864807aaf", size = 3215393, upload-time = "2025-05-29T15:22:42.981Z" },
    { url = "https://files.pythonhosted.org/packages/67/d5/5d8f25f16d4b48707e275884f0cd54f900878b7dfe0aad0dbc8c6f867ced/lief-0.16.6-cp38-cp38-musllinux_1_2_i686.whl", hash = "sha256:d7346e2e01db6ce631b36e5260b1c2e71cc0132418c4f7b95d5aa7151d74e84a", size = 3497004, upload-time = "2025-05-29T15:22:44.847Z" },
    { url = "https://files.pythonhosted.org/packages/b6/df/078cb87b5d1bcc7f41c1ef47420296cde2acb00efc510e0be5f3abd45393/lief-0.16.6-cp38-cp38-musllinux_1_2_x86_64.whl", hash = "sha256:196f944983b980f564fa553fa1be8517c3a7b731756b7b6415d258aae2a23d32", size = 3302454, upload-time = "2025-05-29T15:22:47.235Z" },
    { url = "https://files.pythonhosted.org/packages/31/e2/7269a7250521ac67d5a50ba272f5f7b0390eef38a9d8cdd2c008fe219d75/lief-0.16.6-cp38-cp38-win32.whl", hash = "sha256:2af02fe2a01d34332c2225f8cadada5570c1ad7e124ab58ab3e3365d1548ae08", size = 3041747, upload-time = "2025-05-29T15:22:49.654Z" },
    { url = "https://files.pythonhosted.org/packages/0b/98/014de838bb1137da07eb9f4fe180e97d78b2878be00cdc651064ab52946a/lief-0.16.6-cp38-cp38-win_amd64.whl", hash = "sha256:dd1ce8bd2e129e07ca28ef7637e3daf156654fc9c2383364ad814e6b6c7ee1c1", size = 3167228, upload-time = "2025-05-29T15:22:51.502Z" },
    { url = "https://files.pythonhosted.org/packages/c6/e8/1f54e06ac36fd513365b0f7e3f81529198e9898f8cd246d16d7b7a9e515a/lief-0.16.6-cp39-cp39-macosx_11_0_arm64.whl", hash = "sha256:2b5d2fbc81d268dda83e04c6a1bfc2dc58d1bcc06506de9a27a84d08952a30bb", size = 2645344, upload-time = "2025-05-29T15:22:54.027Z" },
    { url = "https://files.pythonhosted.org/packages/2d/8e/0723802b320e341a5700aad5d12705d65afdcfc5f1629c2a9a4e8ab21509/lief-0.16.6-cp39-cp39-macosx_11_0_x86_64.whl", hash = "sha256:dddad9f5dd4fe6176e340e440d8cd49bc9bbdbae5c91bf22fe5b52a08efcce9d", size = 2737626, upload-time = "2025-05-29T15:22:55.744Z" },
    { url = "https://files.pythonhosted.org/packages/a4/7b/48e9d4c856a9dacc986b5329dc1183bd76037903b10817b33cf1bfbfdfc3/lief-0.16.6-cp39-cp39-manylinux2014_aarch64.whl", hash = "sha256:a062395b77927d1c011ff18d52277229b3f81c0a2c43650004e79ffc518c23c2", size = 3269652, upload-time = "2025-05-29T15:22:58.252Z" },
    { url = "https://files.pythonhosted.org/packages/a4/d8/fdae3c250a14224ffe1dbdc7ce6475c60ab384ccc7ab3704e3f7035aafa6/lief-0.16.6-cp39-cp39-manylinux_2_28_x86_64.whl", hash = "sha256:4b0b7cf01dc72563f25fffea739f0b0c50139618c2ae30976acc847c66853c5a", size = 2996571, upload-time = "2025-05-29T15:23:00.036Z" },
    { url = "https://files.pythonhosted.org/packages/77/35/920222993c35031d0d90f1ede0891d364af0c8a69aa545f0ecc59d38e578/lief-0.16.6-cp39-cp39-musllinux_1_2_aarch64.whl", hash = "sha256:8cbc9e6198fb6a7441063a5ab2afd1eaf04d45c88301384ab55fbd088cf58c94", size = 3216148, upload-time = "2025-05-29T15:23:02.835Z" },
    { url = "https://files.pythonhosted.org/packages/86/90/14ced57ccb0bbf12e8a9cd83e7e3c36c35d827cac999ad27649c59cc3e8f/lief-0.16.6-cp39-cp39-musllinux_1_2_i686.whl", hash = "sha256:2bc32c3970a1392fd31cd00a5de9fb8ad786cfab2506e34f010c1eabb30c18e3", size = 3497801, upload-time = "2025-05-29T15:23:05.726Z" },
    { url = "https://files.pythonhosted.org/packages/df/19/b55d24415697846108576d923becb000bb1e4b394fd7437db241c4c10865/lief-0.16.6-cp39-cp39-musllinux_1_2_x86_64.whl", hash = "sha256:942ee7f178b2160d118d25241d1a31119490d0d1ee64fb96e453f8a76997e4cc", size = 3303853, upload-time = "2025-05-29T15:23:07.49Z" },
    { url = "https://files.pythonhosted.org/packages/99/92/f5fa553ec79ba5e09acc535bfc5379227cf41697b5d4a55f2eda57ca5ecb/lief-0.16.6-cp39-cp39-win32.whl", hash = "sha256:ae7474af6a2090c807b3e25b07a23724071eb1ed986f92f9c512cfe4c3fd4c5b", size = 3042451, upload-time = "2025-05-29T15:23:09.225Z" },
    { url = "https://files.pythonhosted.org/packages/13/7b/8f9bcc0ae4eba4714eb554efb64f7987deb5d2711a3eb1c880d3f0ee3fb5/lief-0.16.6-cp39-cp39-win_amd64.whl", hash = "sha256:508fa7ce8415f40e518757aa55bfb4b3492cbb0cc1cd1bb69fce1bc53e9d5bfe", size = 3168268, upload-time = "2025-05-29T15:23:11.032Z" },
]

[[package]]
name = "typing-extensions"
version = "4.7.1"
source = { registry = "https://pypi.org/simple" }
sdist = { url = "https://files.pythonhosted.org/packages/3c/8b/0111dd7d6c1478bf83baa1cab85c686426c7a6274119aceb2bd9d35395ad/typing_extensions-4.7.1.tar.gz", hash = "sha256:b75ddc264f0ba5615db7ba217daeb99701ad295353c45f9e95963337ceeeffb2", size = 72876, upload-time = "2023-07-02T14:20:55.045Z" }
wheels = [
    { url = "https://files.pythonhosted.org/packages/ec/6b/63cc3df74987c36fe26157ee12e09e8f9db4de771e0f3404263117e75b95/typing_extensions-4.7.1-py3-none-any.whl", hash = "sha256:440d5dd3af93b060174bf433bccd69b0babc3b15b1a8dca43789fd7f61514b36", size = 33232, upload-time = "2023-07-02T14:20:53.275Z" },
]

[[package]]
name = "zipp"
version = "3.15.0"
source = { registry = "https://pypi.org/simple" }
sdist = { url = "https://files.pythonhosted.org/packages/00/27/f0ac6b846684cecce1ee93d32450c45ab607f65c2e0255f0092032d91f07/zipp-3.15.0.tar.gz", hash = "sha256:112929ad649da941c23de50f356a2b5570c954b65150642bccdd66bf194d224b", size = 18454, upload-time = "2023-02-25T02:17:22.503Z" }
wheels = [
    { url = "https://files.pythonhosted.org/packages/5b/fa/c9e82bbe1af6266adf08afb563905eb87cab83fde00a0a08963510621047/zipp-3.15.0-py3-none-any.whl", hash = "sha256:48904fc76a60e542af151aded95726c1a5c34ed43ab4134b597665c86d7ad556", size = 6758, upload-time = "2023-02-25T02:17:20.807Z" },
]
